
Microsoft Visual Studio Solution File, Format Version 12.00
# Visual Studio Version 17
VisualStudioVersion = 17.5.33530.505
MinimumVisualStudioVersion = 10.0.40219.1
Project("{FAE04EC0-301F-11D3-BF4B-00C04F79EFBC}") = "gcp-mvc-demo-app", "gcp-mvc-demo-app.csproj", "{CBEAC934-4E2E-4691-A3B0-9C830C9DB80E}"
EndProject
Global
	GlobalSection(SolutionConfigurationPlatforms) = preSolution
		Debug|Any CPU = Debug|Any CPU
		Release|Any CPU = Release|Any CPU
	EndGlobalSection
	GlobalSection(ProjectConfigurationPlatforms) = postSolution
		{CBEAC934-4E2E-4691-A3B0-9C830C9DB80E}.Debug|Any CPU.ActiveCfg = Debug|Any CPU
		{CBEAC934-4E2E-4691-A3B0-9C830C9DB80E}.Debug|Any CPU.Build.0 = Debug|Any CPU
		{CBEAC934-4E2E-4691-A3B0-9C830C9DB80E}.Release|Any CPU.ActiveCfg = Release|Any CPU
		{CBEAC934-4E2E-4691-A3B0-9C830C9DB80E}.Release|Any CPU.Build.0 = Release|Any CPU
	EndGlobalSection
	GlobalSection(SolutionProperties) = preSolution
		HideSolutionNode = FALSE
	EndGlobalSection
	GlobalSection(ExtensibilityGlobals) = postSolution
		SolutionGuid = {B54BE11B-75BF-41B7-A71D-6F3FE7573F11}
	EndGlobalSection
EndGlobal
